
Microsoft Visual Studio Solution File, Format Version 12.00
Project("{FAE04EC0-301F-11D3-BF4B-00C04F79EFBC}") = "ArtMuseumAPI", "ArtMuseumAPI\ArtMuseumAPI.csproj", "{2AC1D56C-9182-410E-96FB-F42EE01705A2}"
EndProject
Project("{FAE04EC0-301F-11D3-BF4B-00C04F79EFBC}") = "ArtMuseumMigrationneo4js", "ArtMuseumMigrationneo4js\ArtMuseumMigrationneo4js.csproj", "{670B8262-7A58-4906-B4F6-4B98053A1BD7}"
EndProject
Global
	GlobalSection(SolutionConfigurationPlatforms) = preSolution
		Debug|Any CPU = Debug|Any CPU
		Release|Any CPU = Release|Any CPU
	EndGlobalSection
	GlobalSection(ProjectConfigurationPlatforms) = postSolution
		{2AC1D56C-9182-410E-96FB-F42EE01705A2}.Debug|Any CPU.ActiveCfg = Debug|Any CPU
		{2AC1D56C-9182-410E-96FB-F42EE01705A2}.Debug|Any CPU.Build.0 = Debug|Any CPU
		{2AC1D56C-9182-410E-96FB-F42EE01705A2}.Release|Any CPU.ActiveCfg = Release|Any CPU
		{2AC1D56C-9182-410E-96FB-F42EE01705A2}.Release|Any CPU.Build.0 = Release|Any CPU
		{670B8262-7A58-4906-B4F6-4B98053A1BD7}.Debug|Any CPU.ActiveCfg = Debug|Any CPU
		{670B8262-7A58-4906-B4F6-4B98053A1BD7}.Debug|Any CPU.Build.0 = Debug|Any CPU
		{670B8262-7A58-4906-B4F6-4B98053A1BD7}.Release|Any CPU.ActiveCfg = Release|Any CPU
		{670B8262-7A58-4906-B4F6-4B98053A1BD7}.Release|Any CPU.Build.0 = Release|Any CPU
	EndGlobalSection
EndGlobal
